// !$*UTF8*$!
{
	archiveVersion = 1;
	classes = {
	};
	objectVersion = 46;
	objects = {

/* Begin PBXBuildFile section */
		6D0A32B01C4081B300C7D43F /* client.app in Resources */ = {isa = PBXBuildFile; fileRef = 6DB056041C3FDE610082806F /* client.app */; };
		6DB055F01C3FDE020082806F /* ServerApplication.m in Sources */ = {isa = PBXBuildFile; fileRef = 6DB055EF1C3FDE020082806F /* ServerApplication.m */; };
		6DB055F31C3FDE020082806F /* main.m in Sources */ = {isa = PBXBuildFile; fileRef = 6DB055F21C3FDE020082806F /* main.m */; };
		6DB055F81C3FDE020082806F /* MainMenu.xib in Resources */ = {isa = PBXBuildFile; fileRef = 6DB055F61C3FDE020082806F /* MainMenu.xib */; };
		6DB056081C3FDE610082806F /* ClientApplication.m in Sources */ = {isa = PBXBuildFile; fileRef = 6DB056071C3FDE610082806F /* ClientApplication.m */; };
		6DB0560B1C3FDE610082806F /* main.m in Sources */ = {isa = PBXBuildFile; fileRef = 6DB0560A1C3FDE610082806F /* main.m */; };
		6DB0560D1C3FDE610082806F /* Assets.xcassets in Resources */ = {isa = PBXBuildFile; fileRef = 6DB0560C1C3FDE610082806F /* Assets.xcassets */; };
		6DB056101C3FDE610082806F /* MainMenu.xib in Resources */ = {isa = PBXBuildFile; fileRef = 6DB0560E1C3FDE610082806F /* MainMenu.xib */; };
		6DB0561E1C3FE8CE0082806F /* Shared.m in Sources */ = {isa = PBXBuildFile; fileRef = 6DB0561D1C3FE8CE0082806F /* Shared.m */; };
		6DB0561F1C3FE8CE0082806F /* Shared.m in Sources */ = {isa = PBXBuildFile; fileRef = 6DB0561D1C3FE8CE0082806F /* Shared.m */; };
		6DB056271C3FEB130082806F /* ServerNSXPCConnection.m in Sources */ = {isa = PBXBuildFile; fileRef = 6DB056261C3FEB130082806F /* ServerNSXPCConnection.m */; };
		6DB0562B1C3FEEDD0082806F /* ClientNSXPCConnection.m in Sources */ = {isa = PBXBuildFile; fileRef = 6DB0562A1C3FEEDD0082806F /* ClientNSXPCConnection.m */; };
		6DB0563B1C3FF6100082806F /* ServerXPC.m in Sources */ = {isa = PBXBuildFile; fileRef = 6DB0563A1C3FF6100082806F /* ServerXPC.m */; };
		6DB0563E1C3FF6200082806F /* ClientXPC.m in Sources */ = {isa = PBXBuildFile; fileRef = 6DB0563D1C3FF6200082806F /* ClientXPC.m */; };
		6DB056451C3FFF0C0082806F /* ServerDistributedObjects.m in Sources */ = {isa = PBXBuildFile; fileRef = 6DB056441C3FFF0C0082806F /* ServerDistributedObjects.m */; };
		6DB056491C3FFF1C0082806F /* ClientDistributedObjects.m in Sources */ = {isa = PBXBuildFile; fileRef = 6DB056481C3FFF1C0082806F /* ClientDistributedObjects.m */; };
		6DB056501C400AA00082806F /* ServerNSPortMessage.m in Sources */ = {isa = PBXBuildFile; fileRef = 6DB0564F1C400AA00082806F /* ServerNSPortMessage.m */; };
		6DB056531C400AB10082806F /* ClientNSPortMessage.m in Sources */ = {isa = PBXBuildFile; fileRef = 6DB056521C400AB10082806F /* ClientNSPortMessage.m */; };
		6DB056551C401DA40082806F /* goobypls.jpg in Resources */ = {isa = PBXBuildFile; fileRef = 6DB056541C401DA40082806F /* goobypls.jpg */; };
		6DB0565A1C401F630082806F /* ServerCFMessagePort.m in Sources */ = {isa = PBXBuildFile; fileRef = 6DB056591C401F630082806F /* ServerCFMessagePort.m */; };
		6DB0565D1C401F6F0082806F /* ClientCFMessagePort.m in Sources */ = {isa = PBXBuildFile; fileRef = 6DB0565C1C401F6F0082806F /* ClientCFMessagePort.m */; };
		6DB0567C1C402CA80082806F /* ServerMIG.m in Sources */ = {isa = PBXBuildFile; fileRef = 6DB0567B1C402CA80082806F /* ServerMIG.m */; };
		6DB0567F1C402CB10082806F /* ServerMach.m in Sources */ = {isa = PBXBuildFile; fileRef = 6DB0567E1C402CB10082806F /* ServerMach.m */; };
		6DB056851C402CC80082806F /* ServerSocket.m in Sources */ = {isa = PBXBuildFile; fileRef = 6DB056841C402CC80082806F /* ServerSocket.m */; };
		6DB0568B1C402CDF0082806F /* ClientMIG.m in Sources */ = {isa = PBXBuildFile; fileRef = 6DB0568A1C402CDF0082806F /* ClientMIG.m */; };
		6DB0568E1C402CE60082806F /* ClientMach.m in Sources */ = {isa = PBXBuildFile; fileRef = 6DB0568D1C402CE60082806F /* ClientMach.m */; };
		6DB056911C402CF10082806F /* ClientSocket.m in Sources */ = {isa = PBXBuildFile; fileRef = 6DB056901C402CF10082806F /* ClientSocket.m */; };
		6DB056961C4030110082806F /* shared_mig.defs in Sources */ = {isa = PBXBuildFile; fileRef = 6DB056951C4030110082806F /* shared_mig.defs */; };
		6DB056971C4030110082806F /* shared_mig.defs in Sources */ = {isa = PBXBuildFile; fileRef = 6DB056951C4030110082806F /* shared_mig.defs */; };
/* End PBXBuildFile section */

/* Begin PBXContainerItemProxy section */
		6D0A32AE1C4081AC00C7D43F /* PBXContainerItemProxy */ = {
			isa = PBXContainerItemProxy;
			containerPortal = 6DB055E31C3FDE020082806F /* Project object */;
			proxyType = 1;
			remoteGlobalIDString = 6DB056031C3FDE610082806F;
			remoteInfo = client;
		};
/* End PBXContainerItemProxy section */

/* Begin PBXFileReference section */
		6DB055EB1C3FDE020082806F /* server.app */ = {isa = PBXFileReference; explicitFileType = wrapper.application; includeInIndex = 0; path = server.app; sourceTree = BUILT_PRODUCTS_DIR; };
		6DB055EE1C3FDE020082806F /* ServerApplication.h */ = {isa = PBXFileReference; lastKnownFileType = sourcecode.c.h; path = ServerApplication.h; sourceTree = "<group>"; };
		6DB055EF1C3FDE020082806F /* ServerApplication.m */ = {isa = PBXFileReference; lastKnownFileType = sourcecode.c.objc; path = ServerApplication.m; sourceTree = "<group>"; };
		6DB055F21C3FDE020082806F /* main.m */ = {isa = PBXFileReference; lastKnownFileType = sourcecode.c.objc; path = main.m; sourceTree = "<group>"; };
		6DB055F71C3FDE020082806F /* Base */ = {isa = PBXFileReference; lastKnownFileType = file.xib; name = Base; path = Base.lproj/MainMenu.xib; sourceTree = "<group>"; };
		6DB055F91C3FDE020082806F /* Info.plist */ = {isa = PBXFileReference; lastKnownFileType = text.plist.xml; path = Info.plist; sourceTree = "<group>"; };
		6DB056041C3FDE610082806F /* client.app */ = {isa = PBXFileReference; explicitFileType = wrapper.application; includeInIndex = 0; path = client.app; sourceTree = BUILT_PRODUCTS_DIR; };
		6DB056061C3FDE610082806F /* ClientApplication.h */ = {isa = PBXFileReference; lastKnownFileType = sourcecode.c.h; path = ClientApplication.h; sourceTree = "<group>"; };
		6DB056071C3FDE610082806F /* ClientApplication.m */ = {isa = PBXFileReference; lastKnownFileType = sourcecode.c.objc; path = ClientApplication.m; sourceTree = "<group>"; };
		6DB0560A1C3FDE610082806F /* main.m */ = {isa = PBXFileReference; lastKnownFileType = sourcecode.c.objc; path = main.m; sourceTree = "<group>"; };
		6DB0560C1C3FDE610082806F /* Assets.xcassets */ = {isa = PBXFileReference; lastKnownFileType = folder.assetcatalog; path = Assets.xcassets; sourceTree = "<group>"; };
		6DB0560F1C3FDE610082806F /* Base */ = {isa = PBXFileReference; lastKnownFileType = file.xib; name = Base; path = Base.lproj/MainMenu.xib; sourceTree = "<group>"; };
		6DB056111C3FDE610082806F /* Info.plist */ = {isa = PBXFileReference; lastKnownFileType = text.plist.xml; path = Info.plist; sourceTree = "<group>"; };
		6DB0561D1C3FE8CE0082806F /* Shared.m */ = {isa = PBXFileReference; fileEncoding = 4; lastKnownFileType = sourcecode.c.objc; name = Shared.m; path = shared/Shared.m; sourceTree = "<group>"; };
		6DB056201C3FE8DA0082806F /* Shared.h */ = {isa = PBXFileReference; fileEncoding = 4; lastKnownFileType = sourcecode.c.h; name = Shared.h; path = shared/Shared.h; sourceTree = "<group>"; };
		6DB056221C3FE9AC0082806F /* Server.h */ = {isa = PBXFileReference; fileEncoding = 4; lastKnownFileType = sourcecode.c.h; name = Server.h; path = server/Server.h; sourceTree = SOURCE_ROOT; };
		6DB056231C3FE9E10082806F /* Client.h */ = {isa = PBXFileReference; fileEncoding = 4; lastKnownFileType = sourcecode.c.h; path = Client.h; sourceTree = "<group>"; };
		6DB056251C3FEB130082806F /* ServerNSXPCConnection.h */ = {isa = PBXFileReference; fileEncoding = 4; lastKnownFileType = sourcecode.c.h; name = ServerNSXPCConnection.h; path = server/ServerNSXPCConnection.h; sourceTree = SOURCE_ROOT; };
		6DB056261C3FEB130082806F /* ServerNSXPCConnection.m */ = {isa = PBXFileReference; fileEncoding = 4; lastKnownFileType = sourcecode.c.objc; name = ServerNSXPCConnection.m; path = server/ServerNSXPCConnection.m; sourceTree = SOURCE_ROOT; };
		6DB056281C3FEC430082806F /* SharedNSXPCConnection.h */ = {isa = PBXFileReference; lastKnownFileType = sourcecode.c.h; name = SharedNSXPCConnection.h; path = shared/SharedNSXPCConnection.h; sourceTree = "<group>"; };
		6DB056291C3FEEDD0082806F /* ClientNSXPCConnection.h */ = {isa = PBXFileReference; fileEncoding = 4; lastKnownFileType = sourcecode.c.h; path = ClientNSXPCConnection.h; sourceTree = "<group>"; };
		6DB0562A1C3FEEDD0082806F /* ClientNSXPCConnection.m */ = {isa = PBXFileReference; fileEncoding = 4; lastKnownFileType = sourcecode.c.objc; path = ClientNSXPCConnection.m; sourceTree = "<group>"; };
		6DB056361C3FF5E90082806F /* SharedXPC.h */ = {isa = PBXFileReference; fileEncoding = 4; lastKnownFileType = sourcecode.c.h; name = SharedXPC.h; path = shared/SharedXPC.h; sourceTree = "<group>"; };
		6DB056391C3FF6100082806F /* ServerXPC.h */ = {isa = PBXFileReference; fileEncoding = 4; lastKnownFileType = sourcecode.c.h; name = ServerXPC.h; path = server/ServerXPC.h; sourceTree = SOURCE_ROOT; };
		6DB0563A1C3FF6100082806F /* ServerXPC.m */ = {isa = PBXFileReference; fileEncoding = 4; lastKnownFileType = sourcecode.c.objc; name = ServerXPC.m; path = server/ServerXPC.m; sourceTree = SOURCE_ROOT; };
		6DB0563C1C3FF6200082806F /* ClientXPC.h */ = {isa = PBXFileReference; fileEncoding = 4; lastKnownFileType = sourcecode.c.h; path = ClientXPC.h; sourceTree = "<group>"; };
		6DB0563D1C3FF6200082806F /* ClientXPC.m */ = {isa = PBXFileReference; fileEncoding = 4; lastKnownFileType = sourcecode.c.objc; path = ClientXPC.m; sourceTree = "<group>"; };
		6DB056411C3FFEF40082806F /* SharedDistributedObjects.h */ = {isa = PBXFileReference; fileEncoding = 4; lastKnownFileType = sourcecode.c.h; name = SharedDistributedObjects.h; path = shared/SharedDistributedObjects.h; sourceTree = "<group>"; };
		6DB056431C3FFF0C0082806F /* ServerDistributedObjects.h */ = {isa = PBXFileReference; fileEncoding = 4; lastKnownFileType = sourcecode.c.h; name = ServerDistributedObjects.h; path = server/ServerDistributedObjects.h; sourceTree = SOURCE_ROOT; };
		6DB056441C3FFF0C0082806F /* ServerDistributedObjects.m */ = {isa = PBXFileReference; fileEncoding = 4; lastKnownFileType = sourcecode.c.objc; name = ServerDistributedObjects.m; path = server/ServerDistributedObjects.m; sourceTree = SOURCE_ROOT; };
		6DB056471C3FFF1C0082806F /* ClientDistributedObjects.h */ = {isa = PBXFileReference; fileEncoding = 4; lastKnownFileType = sourcecode.c.h; path = ClientDistributedObjects.h; sourceTree = "<group>"; };
		6DB056481C3FFF1C0082806F /* ClientDistributedObjects.m */ = {isa = PBXFileReference; fileEncoding = 4; lastKnownFileType = sourcecode.c.objc; path = ClientDistributedObjects.m; sourceTree = "<group>"; };
		6DB0564B1C400A710082806F /* SharedNSPortMessage.h */ = {isa = PBXFileReference; fileEncoding = 4; lastKnownFileType = sourcecode.c.h; name = SharedNSPortMessage.h; path = shared/SharedNSPortMessage.h; sourceTree = "<group>"; };
		6DB0564E1C400AA00082806F /* ServerNSPortMessage.h */ = {isa = PBXFileReference; fileEncoding = 4; lastKnownFileType = sourcecode.c.h; name = ServerNSPortMessage.h; path = server/ServerNSPortMessage.h; sourceTree = SOURCE_ROOT; };
		6DB0564F1C400AA00082806F /* ServerNSPortMessage.m */ = {isa = PBXFileReference; fileEncoding = 4; lastKnownFileType = sourcecode.c.objc; name = ServerNSPortMessage.m; path = server/ServerNSPortMessage.m; sourceTree = SOURCE_ROOT; };
		6DB056511C400AB10082806F /* ClientNSPortMessage.h */ = {isa = PBXFileReference; fileEncoding = 4; lastKnownFileType = sourcecode.c.h; path = ClientNSPortMessage.h; sourceTree = "<group>"; };
		6DB056521C400AB10082806F /* ClientNSPortMessage.m */ = {isa = PBXFileReference; fileEncoding = 4; lastKnownFileType = sourcecode.c.objc; path = ClientNSPortMessage.m; sourceTree = "<group>"; };
		6DB056541C401DA40082806F /* goobypls.jpg */ = {isa = PBXFileReference; lastKnownFileType = image.jpeg; name = goobypls.jpg; path = server/goobypls.jpg; sourceTree = SOURCE_ROOT; };
		6DB056581C401F630082806F /* ServerCFMessagePort.h */ = {isa = PBXFileReference; fileEncoding = 4; lastKnownFileType = sourcecode.c.h; name = ServerCFMessagePort.h; path = server/ServerCFMessagePort.h; sourceTree = SOURCE_ROOT; };
		6DB056591C401F630082806F /* ServerCFMessagePort.m */ = {isa = PBXFileReference; fileEncoding = 4; lastKnownFileType = sourcecode.c.objc; name = ServerCFMessagePort.m; path = server/ServerCFMessagePort.m; sourceTree = SOURCE_ROOT; };
		6DB0565B1C401F6F0082806F /* ClientCFMessagePort.h */ = {isa = PBXFileReference; fileEncoding = 4; lastKnownFileType = sourcecode.c.h; path = ClientCFMessagePort.h; sourceTree = "<group>"; };
		6DB0565C1C401F6F0082806F /* ClientCFMessagePort.m */ = {isa = PBXFileReference; fileEncoding = 4; lastKnownFileType = sourcecode.c.objc; path = ClientCFMessagePort.m; sourceTree = "<group>"; };
		6DB0565F1C401F8A0082806F /* SharedCFMessagePort.h */ = {isa = PBXFileReference; fileEncoding = 4; lastKnownFileType = sourcecode.c.h; name = SharedCFMessagePort.h; path = shared/SharedCFMessagePort.h; sourceTree = "<group>"; };
		6DB0566D1C402BF90082806F /* SharedMIG.h */ = {isa = PBXFileReference; fileEncoding = 4; lastKnownFileType = sourcecode.c.h; name = SharedMIG.h; path = shared/SharedMIG.h; sourceTree = "<group>"; };
		6DB0566E1C402C030082806F /* SharedMach.h */ = {isa = PBXFileReference; fileEncoding = 4; lastKnownFileType = sourcecode.c.h; name = SharedMach.h; path = shared/SharedMach.h; sourceTree = "<group>"; };
		6DB056701C402C3A0082806F /* SharedSocket.h */ = {isa = PBXFileReference; fileEncoding = 4; lastKnownFileType = sourcecode.c.h; name = SharedSocket.h; path = shared/SharedSocket.h; sourceTree = "<group>"; };
		6DB0567A1C402CA80082806F /* ServerMIG.h */ = {isa = PBXFileReference; fileEncoding = 4; lastKnownFileType = sourcecode.c.h; name = ServerMIG.h; path = server/ServerMIG.h; sourceTree = SOURCE_ROOT; };
		6DB0567B1C402CA80082806F /* ServerMIG.m */ = {isa = PBXFileReference; fileEncoding = 4; lastKnownFileType = sourcecode.c.objc; name = ServerMIG.m; path = server/ServerMIG.m; sourceTree = SOURCE_ROOT; };
		6DB0567D1C402CB10082806F /* ServerMach.h */ = {isa = PBXFileReference; fileEncoding = 4; lastKnownFileType = sourcecode.c.h; name = ServerMach.h; path = server/ServerMach.h; sourceTree = SOURCE_ROOT; };
		6DB0567E1C402CB10082806F /* ServerMach.m */ = {isa = PBXFileReference; fileEncoding = 4; lastKnownFileType = sourcecode.c.objc; name = ServerMach.m; path = server/ServerMach.m; sourceTree = SOURCE_ROOT; };
		6DB056831C402CC80082806F /* ServerSocket.h */ = {isa = PBXFileReference; fileEncoding = 4; lastKnownFileType = sourcecode.c.h; name = ServerSocket.h; path = server/ServerSocket.h; sourceTree = SOURCE_ROOT; };
		6DB056841C402CC80082806F /* ServerSocket.m */ = {isa = PBXFileReference; fileEncoding = 4; lastKnownFileType = sourcecode.c.objc; name = ServerSocket.m; path = server/ServerSocket.m; sourceTree = SOURCE_ROOT; };
		6DB056891C402CDF0082806F /* ClientMIG.h */ = {isa = PBXFileReference; fileEncoding = 4; lastKnownFileType = sourcecode.c.h; path = ClientMIG.h; sourceTree = "<group>"; };
		6DB0568A1C402CDF0082806F /* ClientMIG.m */ = {isa = PBXFileReference; fileEncoding = 4; lastKnownFileType = sourcecode.c.objc; path = ClientMIG.m; sourceTree = "<group>"; };
		6DB0568C1C402CE60082806F /* ClientMach.h */ = {isa = PBXFileReference; fileEncoding = 4; lastKnownFileType = sourcecode.c.h; path = ClientMach.h; sourceTree = "<group>"; };
		6DB0568D1C402CE60082806F /* ClientMach.m */ = {isa = PBXFileReference; fileEncoding = 4; lastKnownFileType = sourcecode.c.objc; path = ClientMach.m; sourceTree = "<group>"; };
		6DB0568F1C402CF10082806F /* ClientSocket.h */ = {isa = PBXFileReference; fileEncoding = 4; lastKnownFileType = sourcecode.c.h; path = ClientSocket.h; sourceTree = "<group>"; };
		6DB056901C402CF10082806F /* ClientSocket.m */ = {isa = PBXFileReference; fileEncoding = 4; lastKnownFileType = sourcecode.c.objc; path = ClientSocket.m; sourceTree = "<group>"; };
		6DB056951C4030110082806F /* shared_mig.defs */ = {isa = PBXFileReference; fileEncoding = 4; lastKnownFileType = sourcecode.mig; name = shared_mig.defs; path = shared/shared_mig.defs; sourceTree = "<group>"; };
/* End PBXFileReference section */

/* Begin PBXFrameworksBuildPhase section */
		6DB055E81C3FDE020082806F /* Frameworks */ = {
			isa = PBXFrameworksBuildPhase;
			buildActionMask = 2147483647;
			files = (
			);
			runOnlyForDeploymentPostprocessing = 0;
		};
		6DB056011C3FDE610082806F /* Frameworks */ = {
			isa = PBXFrameworksBuildPhase;
			buildActionMask = 2147483647;
			files = (
			);
			runOnlyForDeploymentPostprocessing = 0;
		};
/* End PBXFrameworksBuildPhase section */

/* Begin PBXGroup section */
		6DB055E21C3FDE020082806F = {
			isa = PBXGroup;
			children = (
				6DB056161C3FDEAA0082806F /* shared */,
				6DB055ED1C3FDE020082806F /* server */,
				6DB056051C3FDE610082806F /* client */,
				6DB055EC1C3FDE020082806F /* Products */,
			);
			sourceTree = "<group>";
		};
		6DB055EC1C3FDE020082806F /* Products */ = {
			isa = PBXGroup;
			children = (
				6DB055EB1C3FDE020082806F /* server.app */,
				6DB056041C3FDE610082806F /* client.app */,
			);
			name = Products;
			sourceTree = "<group>";
		};
		6DB055ED1C3FDE020082806F /* server */ = {
			isa = PBXGroup;
			children = (
				6DB056171C3FE5170082806F /* src */,
				6DB055F11C3FDE020082806F /* Supporting Files */,
				6DB055FF1C3FDE500082806F /* Resources */,
			);
			name = server;
			path = Server;
			sourceTree = "<group>";
		};
		6DB055F11C3FDE020082806F /* Supporting Files */ = {
			isa = PBXGroup;
			children = (
				6DB055F91C3FDE020082806F /* Info.plist */,
				6DB055F21C3FDE020082806F /* main.m */,
			);
			name = "Supporting Files";
			sourceTree = "<group>";
		};
		6DB055FF1C3FDE500082806F /* Resources */ = {
			isa = PBXGroup;
			children = (
				6DB056541C401DA40082806F /* goobypls.jpg */,
				6DB055F61C3FDE020082806F /* MainMenu.xib */,
			);
			name = Resources;
			sourceTree = "<group>";
		};
		6DB056051C3FDE610082806F /* client */ = {
			isa = PBXGroup;
			children = (
				6DB056181C3FE5220082806F /* src */,
				6DB056091C3FDE610082806F /* Supporting Files */,
				6DB056151C3FDE710082806F /* Resources */,
			);
			path = client;
			sourceTree = "<group>";
		};
		6DB056091C3FDE610082806F /* Supporting Files */ = {
			isa = PBXGroup;
			children = (
				6DB056111C3FDE610082806F /* Info.plist */,
				6DB0560A1C3FDE610082806F /* main.m */,
			);
			name = "Supporting Files";
			sourceTree = "<group>";
		};
		6DB056151C3FDE710082806F /* Resources */ = {
			isa = PBXGroup;
			children = (
				6DB0560E1C3FDE610082806F /* MainMenu.xib */,
				6DB0560C1C3FDE610082806F /* Assets.xcassets */,
			);
			name = Resources;
			sourceTree = "<group>";
		};
		6DB056161C3FDEAA0082806F /* shared */ = {
			isa = PBXGroup;
			children = (
				6DB0563F1C3FFBCB0082806F /* src */,
			);
			name = shared;
			sourceTree = "<group>";
		};
		6DB056171C3FE5170082806F /* src */ = {
			isa = PBXGroup;
			children = (
				6DB055EE1C3FDE020082806F /* ServerApplication.h */,
				6DB055EF1C3FDE020082806F /* ServerApplication.m */,
				6DB056221C3FE9AC0082806F /* Server.h */,
				6DB056321C3FF5B20082806F /* NSXPCConnection */,
				6DB056371C3FF5EF0082806F /* xpc */,
				6DB056421C3FFEFB0082806F /* DO */,
				6DB0564C1C400A7C0082806F /* NSPortMessage */,
				6DB056561C401F390082806F /* CFMessagePort */,
				6DB056721C402C5C0082806F /* MIG */,
				6DB056731C402C610082806F /* Mach */,
				6DB056741C402C650082806F /* Socket */,
			);
			name = src;
			sourceTree = "<group>";
		};
		6DB056181C3FE5220082806F /* src */ = {
			isa = PBXGroup;
			children = (
				6DB056061C3FDE610082806F /* ClientApplication.h */,
				6DB056071C3FDE610082806F /* ClientApplication.m */,
				6DB056231C3FE9E10082806F /* Client.h */,
				6DB056331C3FF5BD0082806F /* NSXPCConnection */,
				6DB056381C3FF5F60082806F /* xpc */,
				6DB056461C3FFF0F0082806F /* DO */,
				6DB0564D1C400A8A0082806F /* NSPortMessage */,
				6DB056571C401F4B0082806F /* CFMessagePort */,
				6DB056761C402C7A0082806F /* MIG */,
				6DB056771C402C7D0082806F /* Mach */,
				6DB056781C402C800082806F /* Socket */,
			);
			name = src;
			sourceTree = "<group>";
		};
		6DB056321C3FF5B20082806F /* NSXPCConnection */ = {
			isa = PBXGroup;
			children = (
				6DB056251C3FEB130082806F /* ServerNSXPCConnection.h */,
				6DB056261C3FEB130082806F /* ServerNSXPCConnection.m */,
			);
			name = NSXPCConnection;
			sourceTree = "<group>";
		};
		6DB056331C3FF5BD0082806F /* NSXPCConnection */ = {
			isa = PBXGroup;
			children = (
				6DB056291C3FEEDD0082806F /* ClientNSXPCConnection.h */,
				6DB0562A1C3FEEDD0082806F /* ClientNSXPCConnection.m */,
			);
			name = NSXPCConnection;
			sourceTree = "<group>";
		};
		6DB056341C3FF5C70082806F /* NSXPCConnection */ = {
			isa = PBXGroup;
			children = (
				6DB056281C3FEC430082806F /* SharedNSXPCConnection.h */,
			);
			name = NSXPCConnection;
			sourceTree = "<group>";
		};
		6DB056351C3FF5D30082806F /* xpc */ = {
			isa = PBXGroup;
			children = (
				6DB056361C3FF5E90082806F /* SharedXPC.h */,
			);
			name = xpc;
			sourceTree = "<group>";
		};
		6DB056371C3FF5EF0082806F /* xpc */ = {
			isa = PBXGroup;
			children = (
				6DB056391C3FF6100082806F /* ServerXPC.h */,
				6DB0563A1C3FF6100082806F /* ServerXPC.m */,
			);
			name = xpc;
			sourceTree = "<group>";
		};
		6DB056381C3FF5F60082806F /* xpc */ = {
			isa = PBXGroup;
			children = (
				6DB0563C1C3FF6200082806F /* ClientXPC.h */,
				6DB0563D1C3FF6200082806F /* ClientXPC.m */,
			);
			name = xpc;
			sourceTree = "<group>";
		};
		6DB0563F1C3FFBCB0082806F /* src */ = {
			isa = PBXGroup;
			children = (
				6DB056201C3FE8DA0082806F /* Shared.h */,
				6DB0561D1C3FE8CE0082806F /* Shared.m */,
				6DB056341C3FF5C70082806F /* NSXPCConnection */,
				6DB056351C3FF5D30082806F /* xpc */,
				6DB056401C3FFEDE0082806F /* DO */,
				6DB0564A1C400A550082806F /* NSPortMessage */,
				6DB0565E1C401F710082806F /* CFMessagePort */,
				6DB0566A1C402BBE0082806F /* MIG */,
				6DB0566B1C402BCA0082806F /* Mach */,
				6DB0566C1C402BD50082806F /* Socket */,
			);
			name = src;
			sourceTree = "<group>";
		};
		6DB056401C3FFEDE0082806F /* DO */ = {
			isa = PBXGroup;
			children = (
				6DB056411C3FFEF40082806F /* SharedDistributedObjects.h */,
			);
			name = DO;
			sourceTree = "<group>";
		};
		6DB056421C3FFEFB0082806F /* DO */ = {
			isa = PBXGroup;
			children = (
				6DB056431C3FFF0C0082806F /* ServerDistributedObjects.h */,
				6DB056441C3FFF0C0082806F /* ServerDistributedObjects.m */,
			);
			name = DO;
			sourceTree = "<group>";
		};
		6DB056461C3FFF0F0082806F /* DO */ = {
			isa = PBXGroup;
			children = (
				6DB056471C3FFF1C0082806F /* ClientDistributedObjects.h */,
				6DB056481C3FFF1C0082806F /* ClientDistributedObjects.m */,
			);
			name = DO;
			sourceTree = "<group>";
		};
		6DB0564A1C400A550082806F /* NSPortMessage */ = {
			isa = PBXGroup;
			children = (
				6DB0564B1C400A710082806F /* SharedNSPortMessage.h */,
			);
			name = NSPortMessage;
			sourceTree = "<group>";
		};
		6DB0564C1C400A7C0082806F /* NSPortMessage */ = {
			isa = PBXGroup;
			children = (
				6DB0564E1C400AA00082806F /* ServerNSPortMessage.h */,
				6DB0564F1C400AA00082806F /* ServerNSPortMessage.m */,
			);
			name = NSPortMessage;
			sourceTree = "<group>";
		};
		6DB0564D1C400A8A0082806F /* NSPortMessage */ = {
			isa = PBXGroup;
			children = (
				6DB056511C400AB10082806F /* ClientNSPortMessage.h */,
				6DB056521C400AB10082806F /* ClientNSPortMessage.m */,
			);
			name = NSPortMessage;
			sourceTree = "<group>";
		};
		6DB056561C401F390082806F /* CFMessagePort */ = {
			isa = PBXGroup;
			children = (
				6DB056581C401F630082806F /* ServerCFMessagePort.h */,
				6DB056591C401F630082806F /* ServerCFMessagePort.m */,
			);
			name = CFMessagePort;
			sourceTree = "<group>";
		};
		6DB056571C401F4B0082806F /* CFMessagePort */ = {
			isa = PBXGroup;
			children = (
				6DB0565B1C401F6F0082806F /* ClientCFMessagePort.h */,
				6DB0565C1C401F6F0082806F /* ClientCFMessagePort.m */,
			);
			name = CFMessagePort;
			sourceTree = "<group>";
		};
		6DB0565E1C401F710082806F /* CFMessagePort */ = {
			isa = PBXGroup;
			children = (
				6DB0565F1C401F8A0082806F /* SharedCFMessagePort.h */,
			);
			name = CFMessagePort;
			sourceTree = "<group>";
		};
		6DB0566A1C402BBE0082806F /* MIG */ = {
			isa = PBXGroup;
			children = (
				6DB0566D1C402BF90082806F /* SharedMIG.h */,
				6DB056951C4030110082806F /* shared_mig.defs */,
			);
			name = MIG;
			sourceTree = "<group>";
		};
		6DB0566B1C402BCA0082806F /* Mach */ = {
			isa = PBXGroup;
			children = (
				6DB0566E1C402C030082806F /* SharedMach.h */,
			);
			name = Mach;
			sourceTree = "<group>";
		};
		6DB0566C1C402BD50082806F /* Socket */ = {
			isa = PBXGroup;
			children = (
				6DB056701C402C3A0082806F /* SharedSocket.h */,
			);
			name = Socket;
			sourceTree = "<group>";
		};
		6DB056721C402C5C0082806F /* MIG */ = {
			isa = PBXGroup;
			children = (
				6DB0567A1C402CA80082806F /* ServerMIG.h */,
				6DB0567B1C402CA80082806F /* ServerMIG.m */,
			);
			name = MIG;
			sourceTree = "<group>";
		};
		6DB056731C402C610082806F /* Mach */ = {
			isa = PBXGroup;
			children = (
				6DB0567D1C402CB10082806F /* ServerMach.h */,
				6DB0567E1C402CB10082806F /* ServerMach.m */,
			);
			name = Mach;
			sourceTree = "<group>";
		};
		6DB056741C402C650082806F /* Socket */ = {
			isa = PBXGroup;
			children = (
				6DB056831C402CC80082806F /* ServerSocket.h */,
				6DB056841C402CC80082806F /* ServerSocket.m */,
			);
			name = Socket;
			sourceTree = "<group>";
		};
		6DB056761C402C7A0082806F /* MIG */ = {
			isa = PBXGroup;
			children = (
				6DB056891C402CDF0082806F /* ClientMIG.h */,
				6DB0568A1C402CDF0082806F /* ClientMIG.m */,
			);
			name = MIG;
			sourceTree = "<group>";
		};
		6DB056771C402C7D0082806F /* Mach */ = {
			isa = PBXGroup;
			children = (
				6DB0568C1C402CE60082806F /* ClientMach.h */,
				6DB0568D1C402CE60082806F /* ClientMach.m */,
			);
			name = Mach;
			sourceTree = "<group>";
		};
		6DB056781C402C800082806F /* Socket */ = {
			isa = PBXGroup;
			children = (
				6DB0568F1C402CF10082806F /* ClientSocket.h */,
				6DB056901C402CF10082806F /* ClientSocket.m */,
			);
			name = Socket;
			sourceTree = "<group>";
		};
/* End PBXGroup section */

/* Begin PBXNativeTarget section */
		6DB055EA1C3FDE020082806F /* server */ = {
			isa = PBXNativeTarget;
			buildConfigurationList = 6DB055FC1C3FDE020082806F /* Build configuration list for PBXNativeTarget "server" */;
			buildPhases = (
				6DB055E71C3FDE020082806F /* Sources */,
				6DB055E81C3FDE020082806F /* Frameworks */,
				6DB055E91C3FDE020082806F /* Resources */,
			);
			buildRules = (
			);
			dependencies = (
				6D0A32AF1C4081AC00C7D43F /* PBXTargetDependency */,
			);
			name = server;
			productName = Server;
			productReference = 6DB055EB1C3FDE020082806F /* server.app */;
			productType = "com.apple.product-type.application";
		};
		6DB056031C3FDE610082806F /* client */ = {
			isa = PBXNativeTarget;
			buildConfigurationList = 6DB056121C3FDE610082806F /* Build configuration list for PBXNativeTarget "client" */;
			buildPhases = (
				6DB056001C3FDE610082806F /* Sources */,
				6DB056011C3FDE610082806F /* Frameworks */,
				6DB056021C3FDE610082806F /* Resources */,
			);
			buildRules = (
			);
			dependencies = (
			);
			name = client;
			productName = client;
			productReference = 6DB056041C3FDE610082806F /* client.app */;
			productType = "com.apple.product-type.application";
		};
/* End PBXNativeTarget section */

/* Begin PBXProject section */
		6DB055E31C3FDE020082806F /* Project object */ = {
			isa = PBXProject;
			attributes = {
				LastUpgradeCheck = 0720;
				ORGANIZATIONNAME = "Damien DeVille";
				TargetAttributes = {
					6DB055EA1C3FDE020082806F = {
						CreatedOnToolsVersion = 7.2;
					};
					6DB056031C3FDE610082806F = {
						CreatedOnToolsVersion = 7.2;
					};
				};
			};
			buildConfigurationList = 6DB055E61C3FDE020082806F /* Build configuration list for PBXProject "ipc" */;
			compatibilityVersion = "Xcode 3.2";
			developmentRegion = English;
			hasScannedForEncodings = 0;
			knownRegions = (
				en,
				Base,
			);
			mainGroup = 6DB055E21C3FDE020082806F;
			productRefGroup = 6DB055EC1C3FDE020082806F /* Products */;
			projectDirPath = "";
			projectRoot = "";
			targets = (
				6DB055EA1C3FDE020082806F /* server */,
				6DB056031C3FDE610082806F /* client */,
			);
		};
/* End PBXProject section */

/* Begin PBXResourcesBuildPhase section */
		6DB055E91C3FDE020082806F /* Resources */ = {
			isa = PBXResourcesBuildPhase;
			buildActionMask = 2147483647;
			files = (
				6D0A32B01C4081B300C7D43F /* client.app in Resources */,
				6DB056551C401DA40082806F /* goobypls.jpg in Resources */,
				6DB055F81C3FDE020082806F /* MainMenu.xib in Resources */,
			);
			runOnlyForDeploymentPostprocessing = 0;
		};
		6DB056021C3FDE610082806F /* Resources */ = {
			isa = PBXResourcesBuildPhase;
			buildActionMask = 2147483647;
			files = (
				6DB0560D1C3FDE610082806F /* Assets.xcassets in Resources */,
				6DB056101C3FDE610082806F /* MainMenu.xib in Resources */,
			);
			runOnlyForDeploymentPostprocessing = 0;
		};
/* End PBXResourcesBuildPhase section */

/* Begin PBXSourcesBuildPhase section */
		6DB055E71C3FDE020082806F /* Sources */ = {
			isa = PBXSourcesBuildPhase;
			buildActionMask = 2147483647;
			files = (
				6DB056501C400AA00082806F /* ServerNSPortMessage.m in Sources */,
				6DB055F31C3FDE020082806F /* main.m in Sources */,
				6DB056961C4030110082806F /* shared_mig.defs in Sources */,
				6DB056451C3FFF0C0082806F /* ServerDistributedObjects.m in Sources */,
				6DB0565A1C401F630082806F /* ServerCFMessagePort.m in Sources */,
				6DB056851C402CC80082806F /* ServerSocket.m in Sources */,
				6DB056271C3FEB130082806F /* ServerNSXPCConnection.m in Sources */,
				6DB0563B1C3FF6100082806F /* ServerXPC.m in Sources */,
				6DB055F01C3FDE020082806F /* ServerApplication.m in Sources */,
				6DB0567C1C402CA80082806F /* ServerMIG.m in Sources */,
				6DB0561E1C3FE8CE0082806F /* Shared.m in Sources */,
				6DB0567F1C402CB10082806F /* ServerMach.m in Sources */,
			);
			runOnlyForDeploymentPostprocessing = 0;
		};
		6DB056001C3FDE610082806F /* Sources */ = {
			isa = PBXSourcesBuildPhase;
			buildActionMask = 2147483647;
			files = (
				6DB0560B1C3FDE610082806F /* main.m in Sources */,
				6DB056971C4030110082806F /* shared_mig.defs in Sources */,
				6DB0562B1C3FEEDD0082806F /* ClientNSXPCConnection.m in Sources */,
				6DB056081C3FDE610082806F /* ClientApplication.m in Sources */,
				6DB0565D1C401F6F0082806F /* ClientCFMessagePort.m in Sources */,
				6DB0568B1C402CDF0082806F /* ClientMIG.m in Sources */,
				6DB056531C400AB10082806F /* ClientNSPortMessage.m in Sources */,
				6DB056491C3FFF1C0082806F /* ClientDistributedObjects.m in Sources */,
				6DB0568E1C402CE60082806F /* ClientMach.m in Sources */,
				6DB0563E1C3FF6200082806F /* ClientXPC.m in Sources */,
				6DB0561F1C3FE8CE0082806F /* Shared.m in Sources */,
				6DB056911C402CF10082806F /* ClientSocket.m in Sources */,
			);
			runOnlyForDeploymentPostprocessing = 0;
		};
/* End PBXSourcesBuildPhase section */

/* Begin PBXTargetDependency section */
		6D0A32AF1C4081AC00C7D43F /* PBXTargetDependency */ = {
			isa = PBXTargetDependency;
			target = 6DB056031C3FDE610082806F /* client */;
			targetProxy = 6D0A32AE1C4081AC00C7D43F /* PBXContainerItemProxy */;
		};
/* End PBXTargetDependency section */

/* Begin PBXVariantGroup section */
		6DB055F61C3FDE020082806F /* MainMenu.xib */ = {
			isa = PBXVariantGroup;
			children = (
				6DB055F71C3FDE020082806F /* Base */,
			);
			name = MainMenu.xib;
			sourceTree = "<group>";
		};
		6DB0560E1C3FDE610082806F /* MainMenu.xib */ = {
			isa = PBXVariantGroup;
			children = (
				6DB0560F1C3FDE610082806F /* Base */,
			);
			name = MainMenu.xib;
			sourceTree = "<group>";
		};
/* End PBXVariantGroup section */

/* Begin XCBuildConfiguration section */
		6DB055FA1C3FDE020082806F /* Debug */ = {
			isa = XCBuildConfiguration;
			buildSettings = {
				ALWAYS_SEARCH_USER_PATHS = NO;
				CLANG_CXX_LANGUAGE_STANDARD = "gnu++0x";
				CLANG_CXX_LIBRARY = "libc++";
				CLANG_ENABLE_MODULES = YES;
				CLANG_ENABLE_OBJC_ARC = YES;
				CLANG_WARN_BOOL_CONVERSION = YES;
				CLANG_WARN_CONSTANT_CONVERSION = YES;
				CLANG_WARN_DIRECT_OBJC_ISA_USAGE = YES_ERROR;
				CLANG_WARN_EMPTY_BODY = YES;
				CLANG_WARN_ENUM_CONVERSION = YES;
				CLANG_WARN_INT_CONVERSION = YES;
				CLANG_WARN_OBJC_ROOT_CLASS = YES_ERROR;
				CLANG_WARN_UNREACHABLE_CODE = YES;
				CLANG_WARN__DUPLICATE_METHOD_MATCH = YES;
				CODE_SIGN_IDENTITY = "-";
				COPY_PHASE_STRIP = NO;
				DEBUG_INFORMATION_FORMAT = dwarf;
				ENABLE_STRICT_OBJC_MSGSEND = YES;
				ENABLE_TESTABILITY = YES;
				GCC_C_LANGUAGE_STANDARD = gnu99;
				GCC_DYNAMIC_NO_PIC = NO;
				GCC_NO_COMMON_BLOCKS = YES;
				GCC_OPTIMIZATION_LEVEL = 0;
				GCC_PREPROCESSOR_DEFINITIONS = (
					"DEBUG=1",
					"$(inherited)",
				);
				GCC_WARN_64_TO_32_BIT_CONVERSION = YES;
				GCC_WARN_ABOUT_RETURN_TYPE = YES_ERROR;
				GCC_WARN_UNDECLARED_SELECTOR = YES;
				GCC_WARN_UNINITIALIZED_AUTOS = YES_AGGRESSIVE;
				GCC_WARN_UNUSED_FUNCTION = YES;
				GCC_WARN_UNUSED_VARIABLE = YES;
				MACOSX_DEPLOYMENT_TARGET = 10.11;
				MTL_ENABLE_DEBUG_INFO = YES;
				ONLY_ACTIVE_ARCH = YES;
				SDKROOT = macosx;
			};
			name = Debug;
		};
		6DB055FB1C3FDE020082806F /* Release */ = {
			isa = XCBuildConfiguration;
			buildSettings = {
				ALWAYS_SEARCH_USER_PATHS = NO;
				CLANG_CXX_LANGUAGE_STANDARD = "gnu++0x";
				CLANG_CXX_LIBRARY = "libc++";
				CLANG_ENABLE_MODULES = YES;
				CLANG_ENABLE_OBJC_ARC = YES;
				CLANG_WARN_BOOL_CONVERSION = YES;
				CLANG_WARN_CONSTANT_CONVERSION = YES;
				CLANG_WARN_DIRECT_OBJC_ISA_USAGE = YES_ERROR;
				CLANG_WARN_EMPTY_BODY = YES;
				CLANG_WARN_ENUM_CONVERSION = YES;
				CLANG_WARN_INT_CONVERSION = YES;
				CLANG_WARN_OBJC_ROOT_CLASS = YES_ERROR;
				CLANG_WARN_UNREACHABLE_CODE = YES;
				CLANG_WARN__DUPLICATE_METHOD_MATCH = YES;
				CODE_SIGN_IDENTITY = "-";
				COPY_PHASE_STRIP = NO;
				DEBUG_INFORMATION_FORMAT = "dwarf-with-dsym";
				ENABLE_NS_ASSERTIONS = NO;
				ENABLE_STRICT_OBJC_MSGSEND = YES;
				GCC_C_LANGUAGE_STANDARD = gnu99;
				GCC_NO_COMMON_BLOCKS = YES;
				GCC_WARN_64_TO_32_BIT_CONVERSION = YES;
				GCC_WARN_ABOUT_RETURN_TYPE = YES_ERROR;
				GCC_WARN_UNDECLARED_SELECTOR = YES;
				GCC_WARN_UNINITIALIZED_AUTOS = YES_AGGRESSIVE;
				GCC_WARN_UNUSED_FUNCTION = YES;
				GCC_WARN_UNUSED_VARIABLE = YES;
				MACOSX_DEPLOYMENT_TARGET = 10.11;
				MTL_ENABLE_DEBUG_INFO = NO;
				SDKROOT = macosx;
			};
			name = Release;
		};
		6DB055FD1C3FDE020082806F /* Debug */ = {
			isa = XCBuildConfiguration;
			buildSettings = {
				ASSETCATALOG_COMPILER_APPICON_NAME = AppIcon;
				COMBINE_HIDPI_IMAGES = YES;
				INFOPLIST_FILE = server/Info.plist;
				LD_RUNPATH_SEARCH_PATHS = "$(inherited) @executable_path/../Frameworks";
				PRODUCT_BUNDLE_IDENTIFIER = com.ddeville.server;
				PRODUCT_NAME = "$(TARGET_NAME)";
			};
			name = Debug;
		};
		6DB055FE1C3FDE020082806F /* Release */ = {
			isa = XCBuildConfiguration;
			buildSettings = {
				ASSETCATALOG_COMPILER_APPICON_NAME = AppIcon;
				COMBINE_HIDPI_IMAGES = YES;
				INFOPLIST_FILE = server/Info.plist;
				LD_RUNPATH_SEARCH_PATHS = "$(inherited) @executable_path/../Frameworks";
				PRODUCT_BUNDLE_IDENTIFIER = com.ddeville.server;
				PRODUCT_NAME = "$(TARGET_NAME)";
			};
			name = Release;
		};
		6DB056131C3FDE610082806F /* Debug */ = {
			isa = XCBuildConfiguration;
			buildSettings = {
				ASSETCATALOG_COMPILER_APPICON_NAME = AppIcon;
				COMBINE_HIDPI_IMAGES = YES;
				INFOPLIST_FILE = client/Info.plist;
				LD_RUNPATH_SEARCH_PATHS = "$(inherited) @executable_path/../Frameworks";
				PRODUCT_BUNDLE_IDENTIFIER = com.ddeville.client;
				PRODUCT_NAME = "$(TARGET_NAME)";
			};
			name = Debug;
		};
		6DB056141C3FDE610082806F /* Release */ = {
			isa = XCBuildConfiguration;
			buildSettings = {
				ASSETCATALOG_COMPILER_APPICON_NAME = AppIcon;
				COMBINE_HIDPI_IMAGES = YES;
				INFOPLIST_FILE = client/Info.plist;
				LD_RUNPATH_SEARCH_PATHS = "$(inherited) @executable_path/../Frameworks";
				PRODUCT_BUNDLE_IDENTIFIER = com.ddeville.client;
				PRODUCT_NAME = "$(TARGET_NAME)";
			};
			name = Release;
		};
/* End XCBuildConfiguration section */

/* Begin XCConfigurationList section */
		6DB055E61C3FDE020082806F /* Build configuration list for PBXProject "ipc" */ = {
			isa = XCConfigurationList;
			buildConfigurations = (
				6DB055FA1C3FDE020082806F /* Debug */,
				6DB055FB1C3FDE020082806F /* Release */,
			);
			defaultConfigurationIsVisible = 0;
			defaultConfigurationName = Release;
		};
		6DB055FC1C3FDE020082806F /* Build configuration list for PBXNativeTarget "server" */ = {
			isa = XCConfigurationList;
			buildConfigurations = (
				6DB055FD1C3FDE020082806F /* Debug */,
				6DB055FE1C3FDE020082806F /* Release */,
			);
			defaultConfigurationIsVisible = 0;
			defaultConfigurationName = Release;
		};
		6DB056121C3FDE610082806F /* Build configuration list for PBXNativeTarget "client" */ = {
			isa = XCConfigurationList;
			buildConfigurations = (
				6DB056131C3FDE610082806F /* Debug */,
				6DB056141C3FDE610082806F /* Release */,
			);
			defaultConfigurationIsVisible = 0;
			defaultConfigurationName = Release;
		};
/* End XCConfigurationList section */
	};
	rootObject = 6DB055E31C3FDE020082806F /* Project object */;
}
